
Microsoft Visual Studio Solution File, Format Version 12.00
# Visual Studio Version 16
VisualStudioVersion = 16.0.28803.452
MinimumVisualStudioVersion = 10.0.40219.1
Project("{FAE04EC0-301F-11D3-BF4B-00C04F79EFBC}") = "TeaBagMaker", "TeaBagMaker\TeaBagMaker.csproj", "{5436AC73-6532-407D-83F7-94858B961CDB}"
EndProject
Global
	GlobalSection(SolutionConfigurationPlatforms) = preSolution
		Debug|Any CPU = Debug|Any CPU
		Release|Any CPU = Release|Any CPU
	EndGlobalSection
	GlobalSection(ProjectConfigurationPlatforms) = postSolution
		{5436AC73-6532-407D-83F7-94858B961CDB}.Debug|Any CPU.ActiveCfg = Debug|Any CPU
		{5436AC73-6532-407D-83F7-94858B961CDB}.Debug|Any CPU.Build.0 = Debug|Any CPU
		{5436AC73-6532-407D-83F7-94858B961CDB}.Release|Any CPU.ActiveCfg = Release|Any CPU
		{5436AC73-6532-407D-83F7-94858B961CDB}.Release|Any CPU.Build.0 = Release|Any CPU
	EndGlobalSection
	GlobalSection(SolutionProperties) = preSolution
		HideSolutionNode = FALSE
	EndGlobalSection
	GlobalSection(ExtensibilityGlobals) = postSolution
		SolutionGuid = {99B57460-DC85-4249-BE0E-6CA09477C395}
	EndGlobalSection
EndGlobal
